
Microsoft Visual Studio Solution File, Format Version 12.00
# Visual Studio Version 16
VisualStudioVersion = 16.0.28922.388
MinimumVisualStudioVersion = 10.0.40219.1
Project("{FAE04EC0-301F-11D3-BF4B-00C04F79EFBC}") = "livetsskole", "livetsskole\livetsskole.csproj", "{89031622-D92A-496B-8A80-FBA4FCD93ACA}"
EndProject
Global
	GlobalSection(SolutionConfigurationPlatforms) = preSolution
		Debug|Any CPU = Debug|Any CPU
		Release|Any CPU = Release|Any CPU
	EndGlobalSection
	GlobalSection(ProjectConfigurationPlatforms) = postSolution
		{89031622-D92A-496B-8A80-FBA4FCD93ACA}.Debug|Any CPU.ActiveCfg = Debug|Any CPU
		{89031622-D92A-496B-8A80-FBA4FCD93ACA}.Debug|Any CPU.Build.0 = Debug|Any CPU
		{89031622-D92A-496B-8A80-FBA4FCD93ACA}.Release|Any CPU.ActiveCfg = Release|Any CPU
		{89031622-D92A-496B-8A80-FBA4FCD93ACA}.Release|Any CPU.Build.0 = Release|Any CPU
	EndGlobalSection
	GlobalSection(SolutionProperties) = preSolution
		HideSolutionNode = FALSE
	EndGlobalSection
	GlobalSection(ExtensibilityGlobals) = postSolution
		SolutionGuid = {7351FF40-37E7-4E28-A3E2-272A0B9D5F2E}
	EndGlobalSection
EndGlobal
